
Microsoft Visual Studio Solution File, Format Version 12.00
# Visual Studio Version 16
VisualStudioVersion = 16.0.31321.278
MinimumVisualStudioVersion = 10.0.40219.1
Project("{FAE04EC0-301F-11D3-BF4B-00C04F79EFBC}") = "ProjectApi", "ProjectApi\ProjectApi.csproj", "{39595B18-D8D1-46DF-A381-530BBF62A21C}"
EndProject
Global
	GlobalSection(SolutionConfigurationPlatforms) = preSolution
		Debug|Any CPU = Debug|Any CPU
		Release|Any CPU = Release|Any CPU
	EndGlobalSection
	GlobalSection(ProjectConfigurationPlatforms) = postSolution
		{39595B18-D8D1-46DF-A381-530BBF62A21C}.Debug|Any CPU.ActiveCfg = Debug|Any CPU
		{39595B18-D8D1-46DF-A381-530BBF62A21C}.Debug|Any CPU.Build.0 = Debug|Any CPU
		{39595B18-D8D1-46DF-A381-530BBF62A21C}.Release|Any CPU.ActiveCfg = Release|Any CPU
		{39595B18-D8D1-46DF-A381-530BBF62A21C}.Release|Any CPU.Build.0 = Release|Any CPU
	EndGlobalSection
	GlobalSection(SolutionProperties) = preSolution
		HideSolutionNode = FALSE
	EndGlobalSection
	GlobalSection(ExtensibilityGlobals) = postSolution
		SolutionGuid = {7077DD18-6A9B-432B-B37E-B76753FE539A}
	EndGlobalSection
EndGlobal
